
Microsoft Visual Studio Solution File, Format Version 12.00
# Visual Studio Version 17
VisualStudioVersion = 17.3.32901.215
MinimumVisualStudioVersion = 10.0.40219.1
Project("{FAE04EC0-301F-11D3-BF4B-00C04F79EFBC}") = "HarmonicNumber", "HarmonicNumber\HarmonicNumber.csproj", "{9E2BE2F0-F9C8-4B5D-A86D-965E38880026}"
EndProject
Global
	GlobalSection(SolutionConfigurationPlatforms) = preSolution
		Debug|Any CPU = Debug|Any CPU
		Release|Any CPU = Release|Any CPU
	EndGlobalSection
	GlobalSection(ProjectConfigurationPlatforms) = postSolution
		{9E2BE2F0-F9C8-4B5D-A86D-965E38880026}.Debug|Any CPU.ActiveCfg = Debug|Any CPU
		{9E2BE2F0-F9C8-4B5D-A86D-965E38880026}.Debug|Any CPU.Build.0 = Debug|Any CPU
		{9E2BE2F0-F9C8-4B5D-A86D-965E38880026}.Release|Any CPU.ActiveCfg = Release|Any CPU
		{9E2BE2F0-F9C8-4B5D-A86D-965E38880026}.Release|Any CPU.Build.0 = Release|Any CPU
	EndGlobalSection
	GlobalSection(SolutionProperties) = preSolution
		HideSolutionNode = FALSE
	EndGlobalSection
	GlobalSection(ExtensibilityGlobals) = postSolution
		SolutionGuid = {2E7C3712-4B26-4797-9990-64175B6AC8CB}
	EndGlobalSection
EndGlobal
