
Microsoft Visual Studio Solution File, Format Version 12.00
# Visual Studio Version 17
VisualStudioVersion = 17.3.32901.215
MinimumVisualStudioVersion = 10.0.40219.1
Project("{FAE04EC0-301F-11D3-BF4B-00C04F79EFBC}") = "FlipCoin", "FlipCoin\FlipCoin.csproj", "{180889DE-1D24-4E42-A094-30A7907FD023}"
EndProject
Global
	GlobalSection(SolutionConfigurationPlatforms) = preSolution
		Debug|Any CPU = Debug|Any CPU
		Release|Any CPU = Release|Any CPU
	EndGlobalSection
	GlobalSection(ProjectConfigurationPlatforms) = postSolution
		{180889DE-1D24-4E42-A094-30A7907FD023}.Debug|Any CPU.ActiveCfg = Debug|Any CPU
		{180889DE-1D24-4E42-A094-30A7907FD023}.Debug|Any CPU.Build.0 = Debug|Any CPU
		{180889DE-1D24-4E42-A094-30A7907FD023}.Release|Any CPU.ActiveCfg = Release|Any CPU
		{180889DE-1D24-4E42-A094-30A7907FD023}.Release|Any CPU.Build.0 = Release|Any CPU
	EndGlobalSection
	GlobalSection(SolutionProperties) = preSolution
		HideSolutionNode = FALSE
	EndGlobalSection
	GlobalSection(ExtensibilityGlobals) = postSolution
		SolutionGuid = {FAB7159E-E1BF-4D77-B28B-A53115CE5B7D}
	EndGlobalSection
EndGlobal
