
Microsoft Visual Studio Solution File, Format Version 12.00
# Visual Studio Version 17
VisualStudioVersion = 17.3.32901.215
MinimumVisualStudioVersion = 10.0.40219.1
Project("{FAE04EC0-301F-11D3-BF4B-00C04F79EFBC}") = "PowerofTwo", "PowerofTwo\PowerofTwo.csproj", "{BE6B377D-56A8-48EC-B6DA-D8DB3A6790BF}"
EndProject
Global
	GlobalSection(SolutionConfigurationPlatforms) = preSolution
		Debug|Any CPU = Debug|Any CPU
		Release|Any CPU = Release|Any CPU
	EndGlobalSection
	GlobalSection(ProjectConfigurationPlatforms) = postSolution
		{BE6B377D-56A8-48EC-B6DA-D8DB3A6790BF}.Debug|Any CPU.ActiveCfg = Debug|Any CPU
		{BE6B377D-56A8-48EC-B6DA-D8DB3A6790BF}.Debug|Any CPU.Build.0 = Debug|Any CPU
		{BE6B377D-56A8-48EC-B6DA-D8DB3A6790BF}.Release|Any CPU.ActiveCfg = Release|Any CPU
		{BE6B377D-56A8-48EC-B6DA-D8DB3A6790BF}.Release|Any CPU.Build.0 = Release|Any CPU
	EndGlobalSection
	GlobalSection(SolutionProperties) = preSolution
		HideSolutionNode = FALSE
	EndGlobalSection
	GlobalSection(ExtensibilityGlobals) = postSolution
		SolutionGuid = {66D541A1-5376-4F7E-B941-5675F4D98CAA}
	EndGlobalSection
EndGlobal
